// !$*UTF8*$!
{
	archiveVersion = 1;
	classes = {
	};
	objectVersion = 51;
	objects = {

/* Begin PBXBuildFile section */
		3E09C6A323704FA3000AEA8C /* UserProfileTableViewCont.swift in Sources */ = {isa = PBXBuildFile; fileRef = 3E09C6A223704FA3000AEA8C /* UserProfileTableViewCont.swift */; };
		3E09C6A523707A4D000AEA8C /* UIDeviceExtension.swift in Sources */ = {isa = PBXBuildFile; fileRef = 3E09C6A423707A4D000AEA8C /* UIDeviceExtension.swift */; };
		3E0C1050236B308F00931915 /* SettingsTableViewCont.swift in Sources */ = {isa = PBXBuildFile; fileRef = 3E0C104F236B308F00931915 /* SettingsTableViewCont.swift */; };
		3E0C73BA237170FF0007B275 /* RecentChat.swift in Sources */ = {isa = PBXBuildFile; fileRef = 3E0C73B9237170FF0007B275 /* RecentChat.swift */; };
		3E0C73BC23718F060007B275 /* RecentChatsCell.swift in Sources */ = {isa = PBXBuildFile; fileRef = 3E0C73BB23718F060007B275 /* RecentChatsCell.swift */; };
		3E0C73BE2371BE100007B275 /* SnapshotDictionary.swift in Sources */ = {isa = PBXBuildFile; fileRef = 3E0C73BD2371BE100007B275 /* SnapshotDictionary.swift */; };
		3E0DC6EB23A96D9A008EB262 /* ContactsTableViewCont.swift in Sources */ = {isa = PBXBuildFile; fileRef = 3E0DC6EA23A96D9A008EB262 /* ContactsTableViewCont.swift */; };
		3E0DC6ED23A96DAC008EB262 /* ContactsCell.swift in Sources */ = {isa = PBXBuildFile; fileRef = 3E0DC6EC23A96DAC008EB262 /* ContactsCell.swift */; };
		3E0DC6F123A97E84008EB262 /* CountryCode.swift in Sources */ = {isa = PBXBuildFile; fileRef = 3E0DC6F023A97E83008EB262 /* CountryCode.swift */; };
		3E0E77B4239D3DD100548095 /* MapViewCont.swift in Sources */ = {isa = PBXBuildFile; fileRef = 3E0E77B3239D3DD100548095 /* MapViewCont.swift */; };
		3E1055FD23A6990D00CD5B0D /* BlockedUsersCell.swift in Sources */ = {isa = PBXBuildFile; fileRef = 3E1055FC23A6990D00CD5B0D /* BlockedUsersCell.swift */; };
		3E10560123A69A7900CD5B0D /* BlockedUsersViewCont.swift in Sources */ = {isa = PBXBuildFile; fileRef = 3E10560023A69A7900CD5B0D /* BlockedUsersViewCont.swift */; };
		3E10560323A6AD1600CD5B0D /* BackgroundCollectionViewCont.swift in Sources */ = {isa = PBXBuildFile; fileRef = 3E10560223A6AD1600CD5B0D /* BackgroundCollectionViewCont.swift */; };
		3E10560523A6AD7000CD5B0D /* BackgroundCollectionCell.swift in Sources */ = {isa = PBXBuildFile; fileRef = 3E10560423A6AD7000CD5B0D /* BackgroundCollectionCell.swift */; };
		3E10560723A6BEEC00CD5B0D /* TCViewCont.swift in Sources */ = {isa = PBXBuildFile; fileRef = 3E10560623A6BEEC00CD5B0D /* TCViewCont.swift */; };
		3E18033C2378325B00479522 /* ChatViewCont.swift in Sources */ = {isa = PBXBuildFile; fileRef = 3E18033B2378325B00479522 /* ChatViewCont.swift */; };
		3E18033E23785E0A00479522 /* OutgoingMessages.swift in Sources */ = {isa = PBXBuildFile; fileRef = 3E18033D23785E0A00479522 /* OutgoingMessages.swift */; };
		3E180340237867FE00479522 /* IncomingMessages.swift in Sources */ = {isa = PBXBuildFile; fileRef = 3E18033F237867FE00479522 /* IncomingMessages.swift */; };
		3E1F2335236AC91C00166FF4 /* DateFormatter.swift in Sources */ = {isa = PBXBuildFile; fileRef = 3E1F2334236AC91C00166FF4 /* DateFormatter.swift */; };
		3E1F2337236AC94900166FF4 /* ImageInitilazer.swift in Sources */ = {isa = PBXBuildFile; fileRef = 3E1F2336236AC94900166FF4 /* ImageInitilazer.swift */; };
		3E2FA79223FEB34D0087E068 /* GroupMemberCollectionsCell.swift in Sources */ = {isa = PBXBuildFile; fileRef = 3E2FA79123FEB34D0087E068 /* GroupMemberCollectionsCell.swift */; };
		3E2FA79423FEB5A30087E068 /* NewGroupViewCont.swift in Sources */ = {isa = PBXBuildFile; fileRef = 3E2FA79323FEB5A30087E068 /* NewGroupViewCont.swift */; };
		3E362EFE23A812CA00B066DA /* EditProfileTableViewCont.swift in Sources */ = {isa = PBXBuildFile; fileRef = 3E362EFD23A812CA00B066DA /* EditProfileTableViewCont.swift */; };
		3E37325124003D550038E762 /* GroupChat.swift in Sources */ = {isa = PBXBuildFile; fileRef = 3E37325024003D550038E762 /* GroupChat.swift */; };
		3E37F8DB240D683A00CCAC82 /* Gallery.framework in Frameworks */ = {isa = PBXBuildFile; fileRef = 3E37F8DA240D683A00CCAC82 /* Gallery.framework */; };
		3E40343A239BD27900E19802 /* Reachability.swift in Sources */ = {isa = PBXBuildFile; fileRef = 3E403439239BD27900E19802 /* Reachability.swift */; };
		3E4479D12369766900F93709 /* AppDelegate.swift in Sources */ = {isa = PBXBuildFile; fileRef = 3E4479D02369766900F93709 /* AppDelegate.swift */; };
		3E4479D32369766900F93709 /* SceneDelegate.swift in Sources */ = {isa = PBXBuildFile; fileRef = 3E4479D22369766900F93709 /* SceneDelegate.swift */; };
		3E4479D82369766900F93709 /* Main.storyboard in Resources */ = {isa = PBXBuildFile; fileRef = 3E4479D62369766900F93709 /* Main.storyboard */; };
		3E4479DA2369766900F93709 /* Assets.xcassets in Resources */ = {isa = PBXBuildFile; fileRef = 3E4479D92369766900F93709 /* Assets.xcassets */; };
		3E4479DD2369766900F93709 /* LaunchScreen.storyboard in Resources */ = {isa = PBXBuildFile; fileRef = 3E4479DB2369766900F93709 /* LaunchScreen.storyboard */; };
		3E4479EC236978DF00F93709 /* SignInViewCont.swift in Sources */ = {isa = PBXBuildFile; fileRef = 3E4479EB236978DF00F93709 /* SignInViewCont.swift */; };
		3E4479EE2369791500F93709 /* SignUpViewCont.swift in Sources */ = {isa = PBXBuildFile; fileRef = 3E4479ED2369791500F93709 /* SignUpViewCont.swift */; };
		3E4479F023698A0F00F93709 /* GoogleService-Info.plist in Resources */ = {isa = PBXBuildFile; fileRef = 3E4479EF23698A0F00F93709 /* GoogleService-Info.plist */; };
		3E4479F223698A8300F93709 /* FUser.swift in Sources */ = {isa = PBXBuildFile; fileRef = 3E4479F123698A8300F93709 /* FUser.swift */; };
		3E4479F623698AFB00F93709 /* CollectionReference.swift in Sources */ = {isa = PBXBuildFile; fileRef = 3E4479F523698AFB00F93709 /* CollectionReference.swift */; };
		3E4479F823698B1500F93709 /* Constants.swift in Sources */ = {isa = PBXBuildFile; fileRef = 3E4479F723698B1500F93709 /* Constants.swift */; };
		3E46D72723A2CC6E00786F79 /* PicturesCollectionViewCont.swift in Sources */ = {isa = PBXBuildFile; fileRef = 3E46D72623A2CC6E00786F79 /* PicturesCollectionViewCont.swift */; };
		3E46D72923A2CCC000786F79 /* PictureCollectionsCell.swift in Sources */ = {isa = PBXBuildFile; fileRef = 3E46D72823A2CCC000786F79 /* PictureCollectionsCell.swift */; };
		3E4D4543237C023900AD5175 /* Camera.swift in Sources */ = {isa = PBXBuildFile; fileRef = 3E4D4542237C023900AD5175 /* Camera.swift */; };
		3E4D4549237C4D0400AD5175 /* DownloadManager.swift in Sources */ = {isa = PBXBuildFile; fileRef = 3E4D4548237C4D0400AD5175 /* DownloadManager.swift */; };
		3E4D454D237C4F6800AD5175 /* VideoMedia.swift in Sources */ = {isa = PBXBuildFile; fileRef = 3E4D454C237C4F6800AD5175 /* VideoMedia.swift */; };
		3E4D4551237C512500AD5175 /* PhotoMediaItem.swift in Sources */ = {isa = PBXBuildFile; fileRef = 3E4D4550237C512500AD5175 /* PhotoMediaItem.swift */; };
		3E4D7C5B2409177200C8DCEC /* Encryption.swift in Sources */ = {isa = PBXBuildFile; fileRef = 3E4D7C5A2409177200C8DCEC /* Encryption.swift */; };
		3E6EF8D12407D5F10099C692 /* GroupViewCont.swift in Sources */ = {isa = PBXBuildFile; fileRef = 3E6EF8D02407D5F10099C692 /* GroupViewCont.swift */; };
		3E6EF8D32407F41D0099C692 /* InviteUsersTableViewCont.swift in Sources */ = {isa = PBXBuildFile; fileRef = 3E6EF8D22407F41D0099C692 /* InviteUsersTableViewCont.swift */; };
		3E6EF8D52407F6140099C692 /* InviteUsersCell.swift in Sources */ = {isa = PBXBuildFile; fileRef = 3E6EF8D42407F6140099C692 /* InviteUsersCell.swift */; };
		3E90F7C22369B68C00BB0C3F /* RegistrationViewCont.swift in Sources */ = {isa = PBXBuildFile; fileRef = 3E90F7C12369B68C00BB0C3F /* RegistrationViewCont.swift */; };
		3E918A02236EE13B0021B24D /* UsersCell.swift in Sources */ = {isa = PBXBuildFile; fileRef = 3E918A01236EE13B0021B24D /* UsersCell.swift */; };
		3E918A04236EE4E30021B24D /* ImageExtensions.swift in Sources */ = {isa = PBXBuildFile; fileRef = 3E918A03236EE4E30021B24D /* ImageExtensions.swift */; };
		3E918A06236EF1440021B24D /* UsersTableViewCont.swift in Sources */ = {isa = PBXBuildFile; fileRef = 3E918A05236EF1440021B24D /* UsersTableViewCont.swift */; };
		3E918A08236F03DA0021B24D /* ChatsViewCont.swift in Sources */ = {isa = PBXBuildFile; fileRef = 3E918A07236F03DA0021B24D /* ChatsViewCont.swift */; };
		3EB7A6FA2374800700A7871A /* ColorExtensions.swift in Sources */ = {isa = PBXBuildFile; fileRef = 3EB7A6F92374800700A7871A /* ColorExtensions.swift */; };
		3ED8967D239CEAC1007863D9 /* AudioMedia.swift in Sources */ = {isa = PBXBuildFile; fileRef = 3ED8967C239CEAC1007863D9 /* AudioMedia.swift */; };
		3ED8967F239D0BF2007863D9 /* CoreLocation.framework in Frameworks */ = {isa = PBXBuildFile; fileRef = 3ED8967E239D0BF2007863D9 /* CoreLocation.framework */; };
		CCE21FA0749F3BD4D750D072 /* Pods_QChat.framework in Frameworks */ = {isa = PBXBuildFile; fileRef = 9830C7745211BC4F346B78DE /* Pods_QChat.framework */; };
/* End PBXBuildFile section */

/* Begin PBXFileReference section */
		39EDED100C4C23333196B122 /* Pods-QChat.debug.xcconfig */ = {isa = PBXFileReference; includeInIndex = 1; lastKnownFileType = text.xcconfig; name = "Pods-QChat.debug.xcconfig"; path = "Target Support Files/Pods-QChat/Pods-QChat.debug.xcconfig"; sourceTree = "<group>"; };
		3E09C6A223704FA3000AEA8C /* UserProfileTableViewCont.swift */ = {isa = PBXFileReference; lastKnownFileType = sourcecode.swift; path = UserProfileTableViewCont.swift; sourceTree = "<group>"; };
		3E09C6A423707A4D000AEA8C /* UIDeviceExtension.swift */ = {isa = PBXFileReference; lastKnownFileType = sourcecode.swift; path = UIDeviceExtension.swift; sourceTree = "<group>"; };
		3E0C104F236B308F00931915 /* SettingsTableViewCont.swift */ = {isa = PBXFileReference; lastKnownFileType = sourcecode.swift; path = SettingsTableViewCont.swift; sourceTree = "<group>"; };
		3E0C73B9237170FF0007B275 /* RecentChat.swift */ = {isa = PBXFileReference; lastKnownFileType = sourcecode.swift; path = RecentChat.swift; sourceTree = "<group>"; };
		3E0C73BB23718F060007B275 /* RecentChatsCell.swift */ = {isa = PBXFileReference; lastKnownFileType = sourcecode.swift; path = RecentChatsCell.swift; sourceTree = "<group>"; };
		3E0C73BD2371BE100007B275 /* SnapshotDictionary.swift */ = {isa = PBXFileReference; lastKnownFileType = sourcecode.swift; path = SnapshotDictionary.swift; sourceTree = "<group>"; };
		3E0DC6EA23A96D9A008EB262 /* ContactsTableViewCont.swift */ = {isa = PBXFileReference; lastKnownFileType = sourcecode.swift; path = ContactsTableViewCont.swift; sourceTree = "<group>"; };
		3E0DC6EC23A96DAC008EB262 /* ContactsCell.swift */ = {isa = PBXFileReference; lastKnownFileType = sourcecode.swift; path = ContactsCell.swift; sourceTree = "<group>"; };
		3E0DC6F023A97E83008EB262 /* CountryCode.swift */ = {isa = PBXFileReference; lastKnownFileType = sourcecode.swift; path = CountryCode.swift; sourceTree = "<group>"; };
		3E0E77B3239D3DD100548095 /* MapViewCont.swift */ = {isa = PBXFileReference; lastKnownFileType = sourcecode.swift; path = MapViewCont.swift; sourceTree = "<group>"; };
		3E1055FC23A6990D00CD5B0D /* BlockedUsersCell.swift */ = {isa = PBXFileReference; lastKnownFileType = sourcecode.swift; path = BlockedUsersCell.swift; sourceTree = "<group>"; };
		3E10560023A69A7900CD5B0D /* BlockedUsersViewCont.swift */ = {isa = PBXFileReference; lastKnownFileType = sourcecode.swift; path = BlockedUsersViewCont.swift; sourceTree = "<group>"; };
		3E10560223A6AD1600CD5B0D /* BackgroundCollectionViewCont.swift */ = {isa = PBXFileReference; lastKnownFileType = sourcecode.swift; path = BackgroundCollectionViewCont.swift; sourceTree = "<group>"; };
		3E10560423A6AD7000CD5B0D /* BackgroundCollectionCell.swift */ = {isa = PBXFileReference; lastKnownFileType = sourcecode.swift; path = BackgroundCollectionCell.swift; sourceTree = "<group>"; };
		3E10560623A6BEEC00CD5B0D /* TCViewCont.swift */ = {isa = PBXFileReference; lastKnownFileType = sourcecode.swift; path = TCViewCont.swift; sourceTree = "<group>"; };
		3E18033B2378325B00479522 /* ChatViewCont.swift */ = {isa = PBXFileReference; lastKnownFileType = sourcecode.swift; path = ChatViewCont.swift; sourceTree = "<group>"; };
		3E18033D23785E0A00479522 /* OutgoingMessages.swift */ = {isa = PBXFileReference; lastKnownFileType = sourcecode.swift; path = OutgoingMessages.swift; sourceTree = "<group>"; };
		3E18033F237867FE00479522 /* IncomingMessages.swift */ = {isa = PBXFileReference; lastKnownFileType = sourcecode.swift; path = IncomingMessages.swift; sourceTree = "<group>"; };
		3E1F2334236AC91C00166FF4 /* DateFormatter.swift */ = {isa = PBXFileReference; lastKnownFileType = sourcecode.swift; path = DateFormatter.swift; sourceTree = "<group>"; };
		3E1F2336236AC94900166FF4 /* ImageInitilazer.swift */ = {isa = PBXFileReference; lastKnownFileType = sourcecode.swift; path = ImageInitilazer.swift; sourceTree = "<group>"; };
		3E21B04424094B4000EDF777 /* ImagePicker.framework */ = {isa = PBXFileReference; explicitFileType = wrapper.framework; path = ImagePicker.framework; sourceTree = BUILT_PRODUCTS_DIR; };
		3E2FA79123FEB34D0087E068 /* GroupMemberCollectionsCell.swift */ = {isa = PBXFileReference; lastKnownFileType = sourcecode.swift; path = GroupMemberCollectionsCell.swift; sourceTree = "<group>"; };
		3E2FA79323FEB5A30087E068 /* NewGroupViewCont.swift */ = {isa = PBXFileReference; lastKnownFileType = sourcecode.swift; path = NewGroupViewCont.swift; sourceTree = "<group>"; };
		3E362EFD23A812CA00B066DA /* EditProfileTableViewCont.swift */ = {isa = PBXFileReference; lastKnownFileType = sourcecode.swift; path = EditProfileTableViewCont.swift; sourceTree = "<group>"; };
		3E37325024003D550038E762 /* GroupChat.swift */ = {isa = PBXFileReference; lastKnownFileType = sourcecode.swift; path = GroupChat.swift; sourceTree = "<group>"; };
		3E37F8DA240D683A00CCAC82 /* Gallery.framework */ = {isa = PBXFileReference; explicitFileType = wrapper.framework; path = Gallery.framework; sourceTree = BUILT_PRODUCTS_DIR; };
		3E403439239BD27900E19802 /* Reachability.swift */ = {isa = PBXFileReference; lastKnownFileType = sourcecode.swift; path = Reachability.swift; sourceTree = "<group>"; };
		3E4479CD2369766900F93709 /* QChat.app */ = {isa = PBXFileReference; explicitFileType = wrapper.application; includeInIndex = 0; path = QChat.app; sourceTree = BUILT_PRODUCTS_DIR; };
		3E4479D02369766900F93709 /* AppDelegate.swift */ = {isa = PBXFileReference; lastKnownFileType = sourcecode.swift; path = AppDelegate.swift; sourceTree = "<group>"; };
		3E4479D22369766900F93709 /* SceneDelegate.swift */ = {isa = PBXFileReference; lastKnownFileType = sourcecode.swift; path = SceneDelegate.swift; sourceTree = "<group>"; };
		3E4479D72369766900F93709 /* Base */ = {isa = PBXFileReference; lastKnownFileType = file.storyboard; name = Base; path = Base.lproj/Main.storyboard; sourceTree = "<group>"; };
		3E4479D92369766900F93709 /* Assets.xcassets */ = {isa = PBXFileReference; lastKnownFileType = folder.assetcatalog; path = Assets.xcassets; sourceTree = "<group>"; };
		3E4479DC2369766900F93709 /* Base */ = {isa = PBXFileReference; lastKnownFileType = file.storyboard; name = Base; path = Base.lproj/LaunchScreen.storyboard; sourceTree = "<group>"; };
		3E4479DE2369766900F93709 /* Info.plist */ = {isa = PBXFileReference; lastKnownFileType = text.plist.xml; path = Info.plist; sourceTree = "<group>"; };
		3E4479EB236978DF00F93709 /* SignInViewCont.swift */ = {isa = PBXFileReference; lastKnownFileType = sourcecode.swift; name = SignInViewCont.swift; path = QChat/Controller/WelcomeControllers/SignInViewCont.swift; sourceTree = SOURCE_ROOT; };
		3E4479ED2369791500F93709 /* SignUpViewCont.swift */ = {isa = PBXFileReference; lastKnownFileType = sourcecode.swift; name = SignUpViewCont.swift; path = QChat/Controller/WelcomeControllers/SignUpViewCont.swift; sourceTree = SOURCE_ROOT; };
		3E4479EF23698A0F00F93709 /* GoogleService-Info.plist */ = {isa = PBXFileReference; fileEncoding = 4; lastKnownFileType = text.plist.xml; path = "GoogleService-Info.plist"; sourceTree = "<group>"; };
		3E4479F123698A8300F93709 /* FUser.swift */ = {isa = PBXFileReference; lastKnownFileType = sourcecode.swift; path = FUser.swift; sourceTree = "<group>"; };
		3E4479F523698AFB00F93709 /* CollectionReference.swift */ = {isa = PBXFileReference; lastKnownFileType = sourcecode.swift; path = CollectionReference.swift; sourceTree = "<group>"; };
		3E4479F723698B1500F93709 /* Constants.swift */ = {isa = PBXFileReference; lastKnownFileType = sourcecode.swift; path = Constants.swift; sourceTree = "<group>"; };
		3E46D72623A2CC6E00786F79 /* PicturesCollectionViewCont.swift */ = {isa = PBXFileReference; lastKnownFileType = sourcecode.swift; path = PicturesCollectionViewCont.swift; sourceTree = "<group>"; };
		3E46D72823A2CCC000786F79 /* PictureCollectionsCell.swift */ = {isa = PBXFileReference; lastKnownFileType = sourcecode.swift; path = PictureCollectionsCell.swift; sourceTree = "<group>"; };
		3E4D4542237C023900AD5175 /* Camera.swift */ = {isa = PBXFileReference; lastKnownFileType = sourcecode.swift; path = Camera.swift; sourceTree = "<group>"; };
		3E4D4548237C4D0400AD5175 /* DownloadManager.swift */ = {isa = PBXFileReference; lastKnownFileType = sourcecode.swift; path = DownloadManager.swift; sourceTree = "<group>"; };
		3E4D454C237C4F6800AD5175 /* VideoMedia.swift */ = {isa = PBXFileReference; lastKnownFileType = sourcecode.swift; path = VideoMedia.swift; sourceTree = "<group>"; };
		3E4D4550237C512500AD5175 /* PhotoMediaItem.swift */ = {isa = PBXFileReference; fileEncoding = 4; lastKnownFileType = sourcecode.swift; path = PhotoMediaItem.swift; sourceTree = "<group>"; };
		3E4D7C5A2409177200C8DCEC /* Encryption.swift */ = {isa = PBXFileReference; lastKnownFileType = sourcecode.swift; path = Encryption.swift; sourceTree = "<group>"; };
		3E6EF8D02407D5F10099C692 /* GroupViewCont.swift */ = {isa = PBXFileReference; lastKnownFileType = sourcecode.swift; path = GroupViewCont.swift; sourceTree = "<group>"; };
		3E6EF8D22407F41D0099C692 /* InviteUsersTableViewCont.swift */ = {isa = PBXFileReference; lastKnownFileType = sourcecode.swift; path = InviteUsersTableViewCont.swift; sourceTree = "<group>"; };
		3E6EF8D42407F6140099C692 /* InviteUsersCell.swift */ = {isa = PBXFileReference; lastKnownFileType = sourcecode.swift; path = InviteUsersCell.swift; sourceTree = "<group>"; };
		3E90F7C12369B68C00BB0C3F /* RegistrationViewCont.swift */ = {isa = PBXFileReference; lastKnownFileType = sourcecode.swift; path = RegistrationViewCont.swift; sourceTree = "<group>"; };
		3E918A01236EE13B0021B24D /* UsersCell.swift */ = {isa = PBXFileReference; lastKnownFileType = sourcecode.swift; path = UsersCell.swift; sourceTree = "<group>"; };
		3E918A03236EE4E30021B24D /* ImageExtensions.swift */ = {isa = PBXFileReference; lastKnownFileType = sourcecode.swift; path = ImageExtensions.swift; sourceTree = "<group>"; };
		3E918A05236EF1440021B24D /* UsersTableViewCont.swift */ = {isa = PBXFileReference; lastKnownFileType = sourcecode.swift; path = UsersTableViewCont.swift; sourceTree = "<group>"; };
		3E918A07236F03DA0021B24D /* ChatsViewCont.swift */ = {isa = PBXFileReference; lastKnownFileType = sourcecode.swift; path = ChatsViewCont.swift; sourceTree = "<group>"; };
		3EB7A6F92374800700A7871A /* ColorExtensions.swift */ = {isa = PBXFileReference; lastKnownFileType = sourcecode.swift; path = ColorExtensions.swift; sourceTree = "<group>"; };
		3ED8967C239CEAC1007863D9 /* AudioMedia.swift */ = {isa = PBXFileReference; lastKnownFileType = sourcecode.swift; path = AudioMedia.swift; sourceTree = "<group>"; };
		3ED8967E239D0BF2007863D9 /* CoreLocation.framework */ = {isa = PBXFileReference; lastKnownFileType = wrapper.framework; name = CoreLocation.framework; path = System/Library/Frameworks/CoreLocation.framework; sourceTree = SDKROOT; };
		9830C7745211BC4F346B78DE /* Pods_QChat.framework */ = {isa = PBXFileReference; explicitFileType = wrapper.framework; includeInIndex = 0; path = Pods_QChat.framework; sourceTree = BUILT_PRODUCTS_DIR; };
		DDE6E4FAA10456ECF56986CE /* Pods-QChat.release.xcconfig */ = {isa = PBXFileReference; includeInIndex = 1; lastKnownFileType = text.xcconfig; name = "Pods-QChat.release.xcconfig"; path = "Target Support Files/Pods-QChat/Pods-QChat.release.xcconfig"; sourceTree = "<group>"; };
/* End PBXFileReference section */

/* Begin PBXFrameworksBuildPhase section */
		3E4479CA2369766900F93709 /* Frameworks */ = {
			isa = PBXFrameworksBuildPhase;
			buildActionMask = 2147483647;
			files = (
				3E37F8DB240D683A00CCAC82 /* Gallery.framework in Frameworks */,
				3ED8967F239D0BF2007863D9 /* CoreLocation.framework in Frameworks */,
				CCE21FA0749F3BD4D750D072 /* Pods_QChat.framework in Frameworks */,
			);
			runOnlyForDeploymentPostprocessing = 0;
		};
/* End PBXFrameworksBuildPhase section */

/* Begin PBXGroup section */
		3E0DC6E423A969A3008EB262 /* SettingsControllers */ = {
			isa = PBXGroup;
			children = (
				3E0C104F236B308F00931915 /* SettingsTableViewCont.swift */,
				3E10560023A69A7900CD5B0D /* BlockedUsersViewCont.swift */,
				3E10560223A6AD1600CD5B0D /* BackgroundCollectionViewCont.swift */,
				3E10560623A6BEEC00CD5B0D /* TCViewCont.swift */,
				3E362EFD23A812CA00B066DA /* EditProfileTableViewCont.swift */,
			);
			path = SettingsControllers;
			sourceTree = "<group>";
		};
		3E0DC6E523A969B9008EB262 /* ChatControllers */ = {
			isa = PBXGroup;
			children = (
				3E918A07236F03DA0021B24D /* ChatsViewCont.swift */,
				3E18033B2378325B00479522 /* ChatViewCont.swift */,
				3E0DC6EA23A96D9A008EB262 /* ContactsTableViewCont.swift */,
				3E2FA79323FEB5A30087E068 /* NewGroupViewCont.swift */,
				3E6EF8D02407D5F10099C692 /* GroupViewCont.swift */,
				3E6EF8D22407F41D0099C692 /* InviteUsersTableViewCont.swift */,
				3E918A05236EF1440021B24D /* UsersTableViewCont.swift */,
				3E09C6A223704FA3000AEA8C /* UserProfileTableViewCont.swift */,
				3E0E77B3239D3DD100548095 /* MapViewCont.swift */,
				3E46D72623A2CC6E00786F79 /* PicturesCollectionViewCont.swift */,
			);
			path = ChatControllers;
			sourceTree = "<group>";
		};
		3E0DC6EF23A96EE1008EB262 /* WelcomeControllers */ = {
			isa = PBXGroup;
			children = (
				3E4479EB236978DF00F93709 /* SignInViewCont.swift */,
				3E4479ED2369791500F93709 /* SignUpViewCont.swift */,
				3E90F7C12369B68C00BB0C3F /* RegistrationViewCont.swift */,
			);
			path = WelcomeControllers;
			sourceTree = "<group>";
		};
		3E4479C42369766900F93709 = {
			isa = PBXGroup;
			children = (
				3E4479CF2369766900F93709 /* QChat */,
				3E4479CE2369766900F93709 /* Products */,
				A4623017490D9A9BBF315BDC /* Pods */,
				E4290A1E4FA4968C30B757F6 /* Frameworks */,
			);
			sourceTree = "<group>";
		};
		3E4479CE2369766900F93709 /* Products */ = {
			isa = PBXGroup;
			children = (
				3E4479CD2369766900F93709 /* QChat.app */,
			);
			name = Products;
			sourceTree = "<group>";
		};
		3E4479CF2369766900F93709 /* QChat */ = {
			isa = PBXGroup;
			children = (
				3E4479E9236976A700F93709 /* Delegate */,
				3E4479E82369769D00F93709 /* Extensions */,
				3E4479E72369769400F93709 /* Utilities */,
				3E4479E42369768100F93709 /* Modal */,
				3E4479E52369768700F93709 /* View */,
				3E4479E62369768D00F93709 /* Controller */,
				3E4479DE2369766900F93709 /* Info.plist */,
				3E4479EF23698A0F00F93709 /* GoogleService-Info.plist */,
			);
			path = QChat;
			sourceTree = "<group>";
		};
		3E4479E42369768100F93709 /* Modal */ = {
			isa = PBXGroup;
			children = (
				3E4479F123698A8300F93709 /* FUser.swift */,
				3E0C73B9237170FF0007B275 /* RecentChat.swift */,
				3E18033D23785E0A00479522 /* OutgoingMessages.swift */,
				3E18033F237867FE00479522 /* IncomingMessages.swift */,
				3E0DC6F023A97E83008EB262 /* CountryCode.swift */,
				3E37325024003D550038E762 /* GroupChat.swift */,
				3E4D7C5A2409177200C8DCEC /* Encryption.swift */,
			);
			path = Modal;
			sourceTree = "<group>";
		};
		3E4479E52369768700F93709 /* View */ = {
			isa = PBXGroup;
			children = (
				3E4479D62369766900F93709 /* Main.storyboard */,
				3E4479DB2369766900F93709 /* LaunchScreen.storyboard */,
				3E4479D92369766900F93709 /* Assets.xcassets */,
				3E4479EA2369771500F93709 /* Cells */,
			);
			path = View;
			sourceTree = "<group>";
		};
		3E4479E62369768D00F93709 /* Controller */ = {
			isa = PBXGroup;
			children = (
				3E0DC6EF23A96EE1008EB262 /* WelcomeControllers */,
				3E0DC6E523A969B9008EB262 /* ChatControllers */,
				3E0DC6E423A969A3008EB262 /* SettingsControllers */,
			);
			path = Controller;
			sourceTree = "<group>";
		};
		3E4479E72369769400F93709 /* Utilities */ = {
			isa = PBXGroup;
			children = (
				3E4479F723698B1500F93709 /* Constants.swift */,
				3E4479F523698AFB00F93709 /* CollectionReference.swift */,
				3E1F2334236AC91C00166FF4 /* DateFormatter.swift */,
				3E1F2336236AC94900166FF4 /* ImageInitilazer.swift */,
				3E0C73BD2371BE100007B275 /* SnapshotDictionary.swift */,
				3E4D4542237C023900AD5175 /* Camera.swift */,
				3E403439239BD27900E19802 /* Reachability.swift */,
				3E4D4548237C4D0400AD5175 /* DownloadManager.swift */,
				3E4D4550237C512500AD5175 /* PhotoMediaItem.swift */,
				3E4D454C237C4F6800AD5175 /* VideoMedia.swift */,
				3ED8967C239CEAC1007863D9 /* AudioMedia.swift */,
			);
			path = Utilities;
			sourceTree = "<group>";
		};
		3E4479E82369769D00F93709 /* Extensions */ = {
			isa = PBXGroup;
			children = (
				3E09C6A423707A4D000AEA8C /* UIDeviceExtension.swift */,
				3EB7A6F92374800700A7871A /* ColorExtensions.swift */,
				3E918A03236EE4E30021B24D /* ImageExtensions.swift */,
			);
			path = Extensions;
			sourceTree = "<group>";
		};
		3E4479E9236976A700F93709 /* Delegate */ = {
			isa = PBXGroup;
			children = (
				3E4479D02369766900F93709 /* AppDelegate.swift */,
				3E4479D22369766900F93709 /* SceneDelegate.swift */,
			);
			path = Delegate;
			sourceTree = "<group>";
		};
		3E4479EA2369771500F93709 /* Cells */ = {
			isa = PBXGroup;
			children = (
				3E0C73BB23718F060007B275 /* RecentChatsCell.swift */,
				3E918A01236EE13B0021B24D /* UsersCell.swift */,
				3E46D72823A2CCC000786F79 /* PictureCollectionsCell.swift */,
				3E1055FC23A6990D00CD5B0D /* BlockedUsersCell.swift */,
				3E10560423A6AD7000CD5B0D /* BackgroundCollectionCell.swift */,
				3E0DC6EC23A96DAC008EB262 /* ContactsCell.swift */,
				3E2FA79123FEB34D0087E068 /* GroupMemberCollectionsCell.swift */,
				3E6EF8D42407F6140099C692 /* InviteUsersCell.swift */,
			);
			path = Cells;
			sourceTree = "<group>";
		};
		A4623017490D9A9BBF315BDC /* Pods */ = {
			isa = PBXGroup;
			children = (
				39EDED100C4C23333196B122 /* Pods-QChat.debug.xcconfig */,
				DDE6E4FAA10456ECF56986CE /* Pods-QChat.release.xcconfig */,
			);
			path = Pods;
			sourceTree = "<group>";
		};
		E4290A1E4FA4968C30B757F6 /* Frameworks */ = {
			isa = PBXGroup;
			children = (
				3E37F8DA240D683A00CCAC82 /* Gallery.framework */,
				3E21B04424094B4000EDF777 /* ImagePicker.framework */,
				3ED8967E239D0BF2007863D9 /* CoreLocation.framework */,
				9830C7745211BC4F346B78DE /* Pods_QChat.framework */,
			);
			name = Frameworks;
			sourceTree = "<group>";
		};
/* End PBXGroup section */

/* Begin PBXNativeTarget section */
		3E4479CC2369766900F93709 /* QChat */ = {
			isa = PBXNativeTarget;
			buildConfigurationList = 3E4479E12369766900F93709 /* Build configuration list for PBXNativeTarget "QChat" */;
			buildPhases = (
				DB36840A83FBCA461D121014 /* [CP] Check Pods Manifest.lock */,
				3E4479C92369766900F93709 /* Sources */,
				3E4479CA2369766900F93709 /* Frameworks */,
				3E4479CB2369766900F93709 /* Resources */,
				77930D4B308FBB3762A72624 /* [CP] Embed Pods Frameworks */,
			);
			buildRules = (
			);
			dependencies = (
			);
			name = QChat;
			productName = QChat;
			productReference = 3E4479CD2369766900F93709 /* QChat.app */;
			productType = "com.apple.product-type.application";
		};
/* End PBXNativeTarget section */

/* Begin PBXProject section */
		3E4479C52369766900F93709 /* Project object */ = {
			isa = PBXProject;
			attributes = {
				LastSwiftUpdateCheck = 1110;
				LastUpgradeCheck = 1110;
				ORGANIZATIONNAME = "ÇağkanTaştekin";
				TargetAttributes = {
					3E4479CC2369766900F93709 = {
						CreatedOnToolsVersion = 11.1;
					};
				};
			};
			buildConfigurationList = 3E4479C82369766900F93709 /* Build configuration list for PBXProject "QChat" */;
			compatibilityVersion = "Xcode 9.3";
			developmentRegion = en;
			hasScannedForEncodings = 0;
			knownRegions = (
				en,
				Base,
			);
			mainGroup = 3E4479C42369766900F93709;
			productRefGroup = 3E4479CE2369766900F93709 /* Products */;
			projectDirPath = "";
			projectRoot = "";
			targets = (
				3E4479CC2369766900F93709 /* QChat */,
			);
		};
/* End PBXProject section */

/* Begin PBXResourcesBuildPhase section */
		3E4479CB2369766900F93709 /* Resources */ = {
			isa = PBXResourcesBuildPhase;
			buildActionMask = 2147483647;
			files = (
				3E4479DD2369766900F93709 /* LaunchScreen.storyboard in Resources */,
				3E4479F023698A0F00F93709 /* GoogleService-Info.plist in Resources */,
				3E4479DA2369766900F93709 /* Assets.xcassets in Resources */,
				3E4479D82369766900F93709 /* Main.storyboard in Resources */,
			);
			runOnlyForDeploymentPostprocessing = 0;
		};
/* End PBXResourcesBuildPhase section */

/* Begin PBXShellScriptBuildPhase section */
		77930D4B308FBB3762A72624 /* [CP] Embed Pods Frameworks */ = {
			isa = PBXShellScriptBuildPhase;
			buildActionMask = 2147483647;
			files = (
			);
			inputFileListPaths = (
				"${PODS_ROOT}/Target Support Files/Pods-QChat/Pods-QChat-frameworks-${CONFIGURATION}-input-files.xcfilelist",
			);
			name = "[CP] Embed Pods Frameworks";
			outputFileListPaths = (
				"${PODS_ROOT}/Target Support Files/Pods-QChat/Pods-QChat-frameworks-${CONFIGURATION}-output-files.xcfilelist",
			);
			runOnlyForDeploymentPostprocessing = 0;
			shellPath = /bin/sh;
			shellScript = "\"${PODS_ROOT}/Target Support Files/Pods-QChat/Pods-QChat-frameworks.sh\"\n";
			showEnvVarsInLog = 0;
		};
		DB36840A83FBCA461D121014 /* [CP] Check Pods Manifest.lock */ = {
			isa = PBXShellScriptBuildPhase;
			buildActionMask = 2147483647;
			files = (
			);
			inputFileListPaths = (
			);
			inputPaths = (
				"${PODS_PODFILE_DIR_PATH}/Podfile.lock",
				"${PODS_ROOT}/Manifest.lock",
			);
			name = "[CP] Check Pods Manifest.lock";
			outputFileListPaths = (
			);
			outputPaths = (
				"$(DERIVED_FILE_DIR)/Pods-QChat-checkManifestLockResult.txt",
			);
			runOnlyForDeploymentPostprocessing = 0;
			shellPath = /bin/sh;
			shellScript = "diff \"${PODS_PODFILE_DIR_PATH}/Podfile.lock\" \"${PODS_ROOT}/Manifest.lock\" > /dev/null\nif [ $? != 0 ] ; then\n    # print error to STDERR\n    echo \"error: The sandbox is not in sync with the Podfile.lock. Run 'pod install' or update your CocoaPods installation.\" >&2\n    exit 1\nfi\n# This output is used by Xcode 'outputs' to avoid re-running this script phase.\necho \"SUCCESS\" > \"${SCRIPT_OUTPUT_FILE_0}\"\n";
			showEnvVarsInLog = 0;
		};
/* End PBXShellScriptBuildPhase section */

/* Begin PBXSourcesBuildPhase section */
		3E4479C92369766900F93709 /* Sources */ = {
			isa = PBXSourcesBuildPhase;
			buildActionMask = 2147483647;
			files = (
				3E0C73BA237170FF0007B275 /* RecentChat.swift in Sources */,
				3E6EF8D52407F6140099C692 /* InviteUsersCell.swift in Sources */,
				3E6EF8D32407F41D0099C692 /* InviteUsersTableViewCont.swift in Sources */,
				3E09C6A323704FA3000AEA8C /* UserProfileTableViewCont.swift in Sources */,
				3E918A06236EF1440021B24D /* UsersTableViewCont.swift in Sources */,
				3E10560523A6AD7000CD5B0D /* BackgroundCollectionCell.swift in Sources */,
				3E362EFE23A812CA00B066DA /* EditProfileTableViewCont.swift in Sources */,
				3E1F2337236AC94900166FF4 /* ImageInitilazer.swift in Sources */,
				3E0E77B4239D3DD100548095 /* MapViewCont.swift in Sources */,
				3E1055FD23A6990D00CD5B0D /* BlockedUsersCell.swift in Sources */,
				3E4479F623698AFB00F93709 /* CollectionReference.swift in Sources */,
				3E180340237867FE00479522 /* IncomingMessages.swift in Sources */,
				3E10560323A6AD1600CD5B0D /* BackgroundCollectionViewCont.swift in Sources */,
				3E918A08236F03DA0021B24D /* ChatsViewCont.swift in Sources */,
				3E0DC6EB23A96D9A008EB262 /* ContactsTableViewCont.swift in Sources */,
				3E40343A239BD27900E19802 /* Reachability.swift in Sources */,
				3E18033C2378325B00479522 /* ChatViewCont.swift in Sources */,
				3E46D72723A2CC6E00786F79 /* PicturesCollectionViewCont.swift in Sources */,
				3E10560123A69A7900CD5B0D /* BlockedUsersViewCont.swift in Sources */,
				3E18033E23785E0A00479522 /* OutgoingMessages.swift in Sources */,
				3E4D7C5B2409177200C8DCEC /* Encryption.swift in Sources */,
				3E0C73BC23718F060007B275 /* RecentChatsCell.swift in Sources */,
				3E2FA79423FEB5A30087E068 /* NewGroupViewCont.swift in Sources */,
				3E0C1050236B308F00931915 /* SettingsTableViewCont.swift in Sources */,
				3E4479F223698A8300F93709 /* FUser.swift in Sources */,
				3E4D4551237C512500AD5175 /* PhotoMediaItem.swift in Sources */,
				3E918A02236EE13B0021B24D /* UsersCell.swift in Sources */,
				3E4D454D237C4F6800AD5175 /* VideoMedia.swift in Sources */,
				3E2FA79223FEB34D0087E068 /* GroupMemberCollectionsCell.swift in Sources */,
				3E90F7C22369B68C00BB0C3F /* RegistrationViewCont.swift in Sources */,
				3E10560723A6BEEC00CD5B0D /* TCViewCont.swift in Sources */,
				3E6EF8D12407D5F10099C692 /* GroupViewCont.swift in Sources */,
				3E46D72923A2CCC000786F79 /* PictureCollectionsCell.swift in Sources */,
				3E4479EE2369791500F93709 /* SignUpViewCont.swift in Sources */,
				3E1F2335236AC91C00166FF4 /* DateFormatter.swift in Sources */,
				3E0DC6F123A97E84008EB262 /* CountryCode.swift in Sources */,
				3E0C73BE2371BE100007B275 /* SnapshotDictionary.swift in Sources */,
				3E4479EC236978DF00F93709 /* SignInViewCont.swift in Sources */,
				3E918A04236EE4E30021B24D /* ImageExtensions.swift in Sources */,
				3E4479D12369766900F93709 /* AppDelegate.swift in Sources */,
				3E0DC6ED23A96DAC008EB262 /* ContactsCell.swift in Sources */,
				3ED8967D239CEAC1007863D9 /* AudioMedia.swift in Sources */,
				3E4479D32369766900F93709 /* SceneDelegate.swift in Sources */,
				3E4D4543237C023900AD5175 /* Camera.swift in Sources */,
				3E4479F823698B1500F93709 /* Constants.swift in Sources */,
				3E09C6A523707A4D000AEA8C /* UIDeviceExtension.swift in Sources */,
				3E37325124003D550038E762 /* GroupChat.swift in Sources */,
				3EB7A6FA2374800700A7871A /* ColorExtensions.swift in Sources */,
				3E4D4549237C4D0400AD5175 /* DownloadManager.swift in Sources */,
			);
			runOnlyForDeploymentPostprocessing = 0;
		};
/* End PBXSourcesBuildPhase section */

/* Begin PBXVariantGroup section */
		3E4479D62369766900F93709 /* Main.storyboard */ = {
			isa = PBXVariantGroup;
			children = (
				3E4479D72369766900F93709 /* Base */,
			);
			name = Main.storyboard;
			sourceTree = "<group>";
		};
		3E4479DB2369766900F93709 /* LaunchScreen.storyboard */ = {
			isa = PBXVariantGroup;
			children = (
				3E4479DC2369766900F93709 /* Base */,
			);
			name = LaunchScreen.storyboard;
			sourceTree = "<group>";
		};
/* End PBXVariantGroup section */

/* Begin XCBuildConfiguration section */
		3E4479DF2369766900F93709 /* Debug */ = {
			isa = XCBuildConfiguration;
			buildSettings = {
				ALWAYS_SEARCH_USER_PATHS = NO;
				CLANG_ANALYZER_NONNULL = YES;
				CLANG_ANALYZER_NUMBER_OBJECT_CONVERSION = YES_AGGRESSIVE;
				CLANG_CXX_LANGUAGE_STANDARD = "gnu++14";
				CLANG_CXX_LIBRARY = "libc++";
				CLANG_ENABLE_MODULES = YES;
				CLANG_ENABLE_OBJC_ARC = YES;
				CLANG_ENABLE_OBJC_WEAK = YES;
				CLANG_WARN_BLOCK_CAPTURE_AUTORELEASING = YES;
				CLANG_WARN_BOOL_CONVERSION = YES;
				CLANG_WARN_COMMA = YES;
				CLANG_WARN_CONSTANT_CONVERSION = YES;
				CLANG_WARN_DEPRECATED_OBJC_IMPLEMENTATIONS = YES;
				CLANG_WARN_DIRECT_OBJC_ISA_USAGE = YES_ERROR;
				CLANG_WARN_DOCUMENTATION_COMMENTS = YES;
				CLANG_WARN_EMPTY_BODY = YES;
				CLANG_WARN_ENUM_CONVERSION = YES;
				CLANG_WARN_INFINITE_RECURSION = YES;
				CLANG_WARN_INT_CONVERSION = YES;
				CLANG_WARN_NON_LITERAL_NULL_CONVERSION = YES;
				CLANG_WARN_OBJC_IMPLICIT_RETAIN_SELF = YES;
				CLANG_WARN_OBJC_LITERAL_CONVERSION = YES;
				CLANG_WARN_OBJC_ROOT_CLASS = YES_ERROR;
				CLANG_WARN_RANGE_LOOP_ANALYSIS = YES;
				CLANG_WARN_STRICT_PROTOTYPES = YES;
				CLANG_WARN_SUSPICIOUS_MOVE = YES;
				CLANG_WARN_UNGUARDED_AVAILABILITY = YES_AGGRESSIVE;
				CLANG_WARN_UNREACHABLE_CODE = YES;
				CLANG_WARN__DUPLICATE_METHOD_MATCH = YES;
				COPY_PHASE_STRIP = NO;
				DEBUG_INFORMATION_FORMAT = dwarf;
				ENABLE_STRICT_OBJC_MSGSEND = YES;
				ENABLE_TESTABILITY = YES;
				GCC_C_LANGUAGE_STANDARD = gnu11;
				GCC_DYNAMIC_NO_PIC = NO;
				GCC_NO_COMMON_BLOCKS = YES;
				GCC_OPTIMIZATION_LEVEL = 0;
				GCC_PREPROCESSOR_DEFINITIONS = (
					"DEBUG=1",
					"$(inherited)",
				);
				GCC_WARN_64_TO_32_BIT_CONVERSION = YES;
				GCC_WARN_ABOUT_RETURN_TYPE = YES_ERROR;
				GCC_WARN_UNDECLARED_SELECTOR = YES;
				GCC_WARN_UNINITIALIZED_AUTOS = YES_AGGRESSIVE;
				GCC_WARN_UNUSED_FUNCTION = YES;
				GCC_WARN_UNUSED_VARIABLE = YES;
				IPHONEOS_DEPLOYMENT_TARGET = 13.1;
				MTL_ENABLE_DEBUG_INFO = INCLUDE_SOURCE;
				MTL_FAST_MATH = YES;
				ONLY_ACTIVE_ARCH = YES;
				SDKROOT = iphoneos;
				SWIFT_ACTIVE_COMPILATION_CONDITIONS = DEBUG;
				SWIFT_OPTIMIZATION_LEVEL = "-Onone";
			};
			name = Debug;
		};
		3E4479E02369766900F93709 /* Release */ = {
			isa = XCBuildConfiguration;
			buildSettings = {
				ALWAYS_SEARCH_USER_PATHS = NO;
				CLANG_ANALYZER_NONNULL = YES;
				CLANG_ANALYZER_NUMBER_OBJECT_CONVERSION = YES_AGGRESSIVE;
				CLANG_CXX_LANGUAGE_STANDARD = "gnu++14";
				CLANG_CXX_LIBRARY = "libc++";
				CLANG_ENABLE_MODULES = YES;
				CLANG_ENABLE_OBJC_ARC = YES;
				CLANG_ENABLE_OBJC_WEAK = YES;
				CLANG_WARN_BLOCK_CAPTURE_AUTORELEASING = YES;
				CLANG_WARN_BOOL_CONVERSION = YES;
				CLANG_WARN_COMMA = YES;
				CLANG_WARN_CONSTANT_CONVERSION = YES;
				CLANG_WARN_DEPRECATED_OBJC_IMPLEMENTATIONS = YES;
				CLANG_WARN_DIRECT_OBJC_ISA_USAGE = YES_ERROR;
				CLANG_WARN_DOCUMENTATION_COMMENTS = YES;
				CLANG_WARN_EMPTY_BODY = YES;
				CLANG_WARN_ENUM_CONVERSION = YES;
				CLANG_WARN_INFINITE_RECURSION = YES;
				CLANG_WARN_INT_CONVERSION = YES;
				CLANG_WARN_NON_LITERAL_NULL_CONVERSION = YES;
				CLANG_WARN_OBJC_IMPLICIT_RETAIN_SELF = YES;
				CLANG_WARN_OBJC_LITERAL_CONVERSION = YES;
				CLANG_WARN_OBJC_ROOT_CLASS = YES_ERROR;
				CLANG_WARN_RANGE_LOOP_ANALYSIS = YES;
				CLANG_WARN_STRICT_PROTOTYPES = YES;
				CLANG_WARN_SUSPICIOUS_MOVE = YES;
				CLANG_WARN_UNGUARDED_AVAILABILITY = YES_AGGRESSIVE;
				CLANG_WARN_UNREACHABLE_CODE = YES;
				CLANG_WARN__DUPLICATE_METHOD_MATCH = YES;
				COPY_PHASE_STRIP = NO;
				DEBUG_INFORMATION_FORMAT = "dwarf-with-dsym";
				ENABLE_NS_ASSERTIONS = NO;
				ENABLE_STRICT_OBJC_MSGSEND = YES;
				GCC_C_LANGUAGE_STANDARD = gnu11;
				GCC_NO_COMMON_BLOCKS = YES;
				GCC_WARN_64_TO_32_BIT_CONVERSION = YES;
				GCC_WARN_ABOUT_RETURN_TYPE = YES_ERROR;
				GCC_WARN_UNDECLARED_SELECTOR = YES;
				GCC_WARN_UNINITIALIZED_AUTOS = YES_AGGRESSIVE;
				GCC_WARN_UNUSED_FUNCTION = YES;
				GCC_WARN_UNUSED_VARIABLE = YES;
				IPHONEOS_DEPLOYMENT_TARGET = 13.1;
				MTL_ENABLE_DEBUG_INFO = NO;
				MTL_FAST_MATH = YES;
				SDKROOT = iphoneos;
				SWIFT_COMPILATION_MODE = wholemodule;
				SWIFT_OPTIMIZATION_LEVEL = "-O";
				VALIDATE_PRODUCT = YES;
			};
			name = Release;
		};
		3E4479E22369766900F93709 /* Debug */ = {
			isa = XCBuildConfiguration;
			baseConfigurationReference = 39EDED100C4C23333196B122 /* Pods-QChat.debug.xcconfig */;
			buildSettings = {
				ASSETCATALOG_COMPILER_APPICON_NAME = AppIcon;
				CODE_SIGN_STYLE = Automatic;
				DEVELOPMENT_TEAM = A76SYFKB28;
				INFOPLIST_FILE = QChat/Info.plist;
				IPHONEOS_DEPLOYMENT_TARGET = 13.1;
				LD_RUNPATH_SEARCH_PATHS = (
					"$(inherited)",
					"@executable_path/Frameworks",
				);
				PRODUCT_BUNDLE_IDENTIFIER = com.cagkan.QChat;
				PRODUCT_NAME = "$(TARGET_NAME)";
				SWIFT_VERSION = 5.0;
				TARGETED_DEVICE_FAMILY = 1;
			};
			name = Debug;
		};
		3E4479E32369766900F93709 /* Release */ = {
			isa = XCBuildConfiguration;
			baseConfigurationReference = DDE6E4FAA10456ECF56986CE /* Pods-QChat.release.xcconfig */;
			buildSettings = {
				ASSETCATALOG_COMPILER_APPICON_NAME = AppIcon;
				CODE_SIGN_STYLE = Automatic;
				DEVELOPMENT_TEAM = A76SYFKB28;
				INFOPLIST_FILE = QChat/Info.plist;
				IPHONEOS_DEPLOYMENT_TARGET = 13.1;
				LD_RUNPATH_SEARCH_PATHS = (
					"$(inherited)",
					"@executable_path/Frameworks",
				);
				PRODUCT_BUNDLE_IDENTIFIER = com.cagkan.QChat;
				PRODUCT_NAME = "$(TARGET_NAME)";
				SWIFT_VERSION = 5.0;
				TARGETED_DEVICE_FAMILY = 1;
			};
			name = Release;
		};
/* End XCBuildConfiguration section */

/* Begin XCConfigurationList section */
		3E4479C82369766900F93709 /* Build configuration list for PBXProject "QChat" */ = {
			isa = XCConfigurationList;
			buildConfigurations = (
				3E4479DF2369766900F93709 /* Debug */,
				3E4479E02369766900F93709 /* Release */,
			);
			defaultConfigurationIsVisible = 0;
			defaultConfigurationName = Release;
		};
		3E4479E12369766900F93709 /* Build configuration list for PBXNativeTarget "QChat" */ = {
			isa = XCConfigurationList;
			buildConfigurations = (
				3E4479E22369766900F93709 /* Debug */,
				3E4479E32369766900F93709 /* Release */,
			);
			defaultConfigurationIsVisible = 0;
			defaultConfigurationName = Release;
		};
/* End XCConfigurationList section */
	};
	rootObject = 3E4479C52369766900F93709 /* Project object */;
}
